
Microsoft Visual Studio Solution File, Format Version 12.00
# Visual Studio Version 17
VisualStudioVersion = 17.3.32811.315
MinimumVisualStudioVersion = 10.0.40219.1
Project("{9A19103F-16F7-4668-BE54-9A1E7A4F7556}") = "TodoWork", "TodoWork\TodoWork.csproj", "{8F309CFE-ADAE-4285-B103-54094A841207}"
EndProject
Project("{2150E333-8FDC-42A3-9474-1A3956D46DE8}") = "Solution Items", "Solution Items", "{950CDFFD-F136-4771-83BD-E93683231897}"
	ProjectSection(SolutionItems) = preProject
		Copyright.txt = Copyright.txt
	EndProjectSection
EndProject
Project("{9A19103F-16F7-4668-BE54-9A1E7A4F7556}") = "TestTodo", "TestTodo\TestTodo.csproj", "{6BE328DF-6BB2-4421-86B0-2BA2CC4DAF1F}"
EndProject
Project("{9092AA53-FB77-4645-B42D-1CCCA6BD08BD}") = "K6StressTest", "K6StressTest\K6StressTest.njsproj", "{D9A5C746-9DFC-4F7B-901E-D846E1477865}"
EndProject
Project("{888888A0-9F3D-457C-B088-3A5042F75D52}") = "LocustTest", "LocustTest\LocustTest.pyproj", "{313B33F5-7BDE-4B75-A04F-6029EE5296E3}"
EndProject
Global
	GlobalSection(SolutionConfigurationPlatforms) = preSolution
		Debug|Any CPU = Debug|Any CPU
		Release|Any CPU = Release|Any CPU
	EndGlobalSection
	GlobalSection(ProjectConfigurationPlatforms) = postSolution
		{8F309CFE-ADAE-4285-B103-54094A841207}.Debug|Any CPU.ActiveCfg = Debug|Any CPU
		{8F309CFE-ADAE-4285-B103-54094A841207}.Debug|Any CPU.Build.0 = Debug|Any CPU
		{8F309CFE-ADAE-4285-B103-54094A841207}.Release|Any CPU.ActiveCfg = Release|Any CPU
		{8F309CFE-ADAE-4285-B103-54094A841207}.Release|Any CPU.Build.0 = Release|Any CPU
		{6BE328DF-6BB2-4421-86B0-2BA2CC4DAF1F}.Debug|Any CPU.ActiveCfg = Debug|Any CPU
		{6BE328DF-6BB2-4421-86B0-2BA2CC4DAF1F}.Debug|Any CPU.Build.0 = Debug|Any CPU
		{6BE328DF-6BB2-4421-86B0-2BA2CC4DAF1F}.Release|Any CPU.ActiveCfg = Release|Any CPU
		{6BE328DF-6BB2-4421-86B0-2BA2CC4DAF1F}.Release|Any CPU.Build.0 = Release|Any CPU
		{D9A5C746-9DFC-4F7B-901E-D846E1477865}.Debug|Any CPU.ActiveCfg = Debug|Any CPU
		{D9A5C746-9DFC-4F7B-901E-D846E1477865}.Debug|Any CPU.Build.0 = Debug|Any CPU
		{D9A5C746-9DFC-4F7B-901E-D846E1477865}.Release|Any CPU.ActiveCfg = Release|Any CPU
		{D9A5C746-9DFC-4F7B-901E-D846E1477865}.Release|Any CPU.Build.0 = Release|Any CPU
		{313B33F5-7BDE-4B75-A04F-6029EE5296E3}.Debug|Any CPU.ActiveCfg = Debug|Any CPU
		{313B33F5-7BDE-4B75-A04F-6029EE5296E3}.Release|Any CPU.ActiveCfg = Release|Any CPU
	EndGlobalSection
	GlobalSection(SolutionProperties) = preSolution
		HideSolutionNode = FALSE
	EndGlobalSection
	GlobalSection(ExtensibilityGlobals) = postSolution
		SolutionGuid = {3C85C795-F03B-48D8-A02C-DD6B376BA570}
	EndGlobalSection
EndGlobal
